Microsoft Visual Studio Solution File, Format Version 12.00
# Visual Studio Version 17
VisualStudioVersion = 17.0.31903.59
MinimumVisualStudioVersion = 10.0.40219.1
Project("{2150E333-8FDC-42A3-9474-1A3956D46DE8}") = "src", "src", "{827E0CD3-B72D-47B6-A68D-7590B98EB39B}"
EndProject
Project("{FAE04EC0-301F-11D3-BF4B-00C04F79EFBC}") = "TrenchBroom.Companion.App", "src\TrenchBroom.Companion.App\TrenchBroom.Companion.App.csproj", "{181DAFA1-D16A-49F9-A239-7BBC4595BD47}"
EndProject
Project("{FAE04EC0-301F-11D3-BF4B-00C04F79EFBC}") = "TrenchBroom.Companion.Core", "src\TrenchBroom.Companion.Core\TrenchBroom.Companion.Core.csproj", "{31360544-E76B-460D-AD94-81C45B97C327}"
EndProject
Project("{FAE04EC0-301F-11D3-BF4B-00C04F79EFBC}") = "WadForge.Aliases", "src\WadForge.Aliases\WadForge.Aliases.csproj", "{92067159-0E62-47E3-B18E-F2385AA2023A}"
EndProject
Project("{FAE04EC0-301F-11D3-BF4B-00C04F79EFBC}") = "WadForge.App", "src\WadForge.App\WadForge.App.csproj", "{AB389576-CBD3-491D-A244-EC6DC60189C7}"
EndProject
Project("{FAE04EC0-301F-11D3-BF4B-00C04F79EFBC}") = "WadForge.Core", "src\WadForge.Core\WadForge.Core.csproj", "{C7BC7BC2-4E37-4383-8B48-94696552D3C3}"
EndProject
Project("{FAE04EC0-301F-11D3-BF4B-00C04F79EFBC}") = "WadForge.Imaging", "src\WadForge.Imaging\WadForge.Imaging.csproj", "{0C888B90-1962-4702-889E-7A395BE6BB38}"
EndProject
Project("{FAE04EC0-301F-11D3-BF4B-00C04F79EFBC}") = "WadForge.Wad", "src\WadForge.Wad\WadForge.Wad.csproj", "{EAC76A3D-BE3B-488E-9039-3AF053183496}"
EndProject
Global
	GlobalSection(SolutionConfigurationPlatforms) = preSolution
		Debug|Any CPU = Debug|Any CPU
		Debug|x64 = Debug|x64
		Debug|x86 = Debug|x86
		Release|Any CPU = Release|Any CPU
		Release|x64 = Release|x64
		Release|x86 = Release|x86
	EndGlobalSection
	GlobalSection(ProjectConfigurationPlatforms) = postSolution
		{181DAFA1-D16A-49F9-A239-7BBC4595BD47}.Debug|Any CPU.ActiveCfg = Debug|Any CPU
		{181DAFA1-D16A-49F9-A239-7BBC4595BD47}.Debug|Any CPU.Build.0 = Debug|Any CPU
		{181DAFA1-D16A-49F9-A239-7BBC4595BD47}.Debug|x64.ActiveCfg = Debug|Any CPU
		{181DAFA1-D16A-49F9-A239-7BBC4595BD47}.Debug|x64.Build.0 = Debug|Any CPU
		{181DAFA1-D16A-49F9-A239-7BBC4595BD47}.Debug|x86.ActiveCfg = Debug|Any CPU
		{181DAFA1-D16A-49F9-A239-7BBC4595BD47}.Debug|x86.Build.0 = Debug|Any CPU
		{181DAFA1-D16A-49F9-A239-7BBC4595BD47}.Release|Any CPU.ActiveCfg = Release|Any CPU
		{181DAFA1-D16A-49F9-A239-7BBC4595BD47}.Release|Any CPU.Build.0 = Release|Any CPU
		{181DAFA1-D16A-49F9-A239-7BBC4595BD47}.Release|x64.ActiveCfg = Release|Any CPU
		{181DAFA1-D16A-49F9-A239-7BBC4595BD47}.Release|x64.Build.0 = Release|Any CPU
		{181DAFA1-D16A-49F9-A239-7BBC4595BD47}.Release|x86.ActiveCfg = Release|Any CPU
		{181DAFA1-D16A-49F9-A239-7BBC4595BD47}.Release|x86.Build.0 = Release|Any CPU
		{31360544-E76B-460D-AD94-81C45B97C327}.Debug|Any CPU.ActiveCfg = Debug|Any CPU
		{31360544-E76B-460D-AD94-81C45B97C327}.Debug|Any CPU.Build.0 = Debug|Any CPU
		{31360544-E76B-460D-AD94-81C45B97C327}.Debug|x64.ActiveCfg = Debug|Any CPU
		{31360544-E76B-460D-AD94-81C45B97C327}.Debug|x64.Build.0 = Debug|Any CPU
		{31360544-E76B-460D-AD94-81C45B97C327}.Debug|x86.ActiveCfg = Debug|Any CPU
		{31360544-E76B-460D-AD94-81C45B97C327}.Debug|x86.Build.0 = Debug|Any CPU
		{31360544-E76B-460D-AD94-81C45B97C327}.Release|Any CPU.ActiveCfg = Release|Any CPU
		{31360544-E76B-460D-AD94-81C45B97C327}.Release|Any CPU.Build.0 = Release|Any CPU
		{31360544-E76B-460D-AD94-81C45B97C327}.Release|x64.ActiveCfg = Release|Any CPU
		{31360544-E76B-460D-AD94-81C45B97C327}.Release|x64.Build.0 = Release|Any CPU
		{31360544-E76B-460D-AD94-81C45B97C327}.Release|x86.ActiveCfg = Release|Any CPU
		{31360544-E76B-460D-AD94-81C45B97C327}.Release|x86.Build.0 = Release|Any CPU
		{92067159-0E62-47E3-B18E-F2385AA2023A}.Debug|Any CPU.ActiveCfg = Debug|Any CPU
		{92067159-0E62-47E3-B18E-F2385AA2023A}.Debug|Any CPU.Build.0 = Debug|Any CPU
		{92067159-0E62-47E3-B18E-F2385AA2023A}.Debug|x64.ActiveCfg = Debug|Any CPU
		{92067159-0E62-47E3-B18E-F2385AA2023A}.Debug|x64.Build.0 = Debug|Any CPU
		{92067159-0E62-47E3-B18E-F2385AA2023A}.Debug|x86.ActiveCfg = Debug|Any CPU
		{92067159-0E62-47E3-B18E-F2385AA2023A}.Debug|x86.Build.0 = Debug|Any CPU
		{92067159-0E62-47E3-B18E-F2385AA2023A}.Release|Any CPU.ActiveCfg = Release|Any CPU
		{92067159-0E62-47E3-B18E-F2385AA2023A}.Release|Any CPU.Build.0 = Release|Any CPU
		{92067159-0E62-47E3-B18E-F2385AA2023A}.Release|x64.ActiveCfg = Release|Any CPU
		{92067159-0E62-47E3-B18E-F2385AA2023A}.Release|x64.Build.0 = Release|Any CPU
		{92067159-0E62-47E3-B18E-F2385AA2023A}.Release|x86.ActiveCfg = Release|Any CPU
		{92067159-0E62-47E3-B18E-F2385AA2023A}.Release|x86.Build.0 = Release|Any CPU
		{AB389576-CBD3-491D-A244-EC6DC60189C7}.Debug|Any CPU.ActiveCfg = Debug|Any CPU
		{AB389576-CBD3-491D-A244-EC6DC60189C7}.Debug|Any CPU.Build.0 = Debug|Any CPU
		{AB389576-CBD3-491D-A244-EC6DC60189C7}.Debug|x64.ActiveCfg = Debug|Any CPU
		{AB389576-CBD3-491D-A244-EC6DC60189C7}.Debug|x64.Build.0 = Debug|Any CPU
		{AB389576-CBD3-491D-A244-EC6DC60189C7}.Debug|x86.ActiveCfg = Debug|Any CPU
		{AB389576-CBD3-491D-A244-EC6DC60189C7}.Debug|x86.Build.0 = Debug|Any CPU
		{AB389576-CBD3-491D-A244-EC6DC60189C7}.Release|Any CPU.ActiveCfg = Release|Any CPU
		{AB389576-CBD3-491D-A244-EC6DC60189C7}.Release|Any CPU.Build.0 = Release|Any CPU
		{AB389576-CBD3-491D-A244-EC6DC60189C7}.Release|x64.ActiveCfg = Release|Any CPU
		{AB389576-CBD3-491D-A244-EC6DC60189C7}.Release|x64.Build.0 = Release|Any CPU
		{AB389576-CBD3-491D-A244-EC6DC60189C7}.Release|x86.ActiveCfg = Release|Any CPU
		{AB389576-CBD3-491D-A244-EC6DC60189C7}.Release|x86.Build.0 = Release|Any CPU
		{C7BC7BC2-4E37-4383-8B48-94696552D3C3}.Debug|Any CPU.ActiveCfg = Debug|Any CPU
		{C7BC7BC2-4E37-4383-8B48-94696552D3C3}.Debug|Any CPU.Build.0 = Debug|Any CPU
		{C7BC7BC2-4E37-4383-8B48-94696552D3C3}.Debug|x64.ActiveCfg = Debug|Any CPU
		{C7BC7BC2-4E37-4383-8B48-94696552D3C3}.Debug|x64.Build.0 = Debug|Any CPU
		{C7BC7BC2-4E37-4383-8B48-94696552D3C3}.Debug|x86.ActiveCfg = Debug|Any CPU
		{C7BC7BC2-4E37-4383-8B48-94696552D3C3}.Debug|x86.Build.0 = Debug|Any CPU
		{C7BC7BC2-4E37-4383-8B48-94696552D3C3}.Release|Any CPU.ActiveCfg = Release|Any CPU
		{C7BC7BC2-4E37-4383-8B48-94696552D3C3}.Release|Any CPU.Build.0 = Release|Any CPU
		{C7BC7BC2-4E37-4383-8B48-94696552D3C3}.Release|x64.ActiveCfg = Release|Any CPU
		{C7BC7BC2-4E37-4383-8B48-94696552D3C3}.Release|x64.Build.0 = Release|Any CPU
		{C7BC7BC2-4E37-4383-8B48-94696552D3C3}.Release|x86.ActiveCfg = Release|Any CPU
		{C7BC7BC2-4E37-4383-8B48-94696552D3C3}.Release|x86.Build.0 = Release|Any CPU
		{0C888B90-1962-4702-889E-7A395BE6BB38}.Debug|Any CPU.ActiveCfg = Debug|Any CPU
		{0C888B90-1962-4702-889E-7A395BE6BB38}.Debug|Any CPU.Build.0 = Debug|Any CPU
		{0C888B90-1962-4702-889E-7A395BE6BB38}.Debug|x64.ActiveCfg = Debug|Any CPU
		{0C888B90-1962-4702-889E-7A395BE6BB38}.Debug|x64.Build.0 = Debug|Any CPU
		{0C888B90-1962-4702-889E-7A395BE6BB38}.Debug|x86.ActiveCfg = Debug|Any CPU
		{0C888B90-1962-4702-889E-7A395BE6BB38}.Debug|x86.Build.0 = Debug|Any CPU
		{0C888B90-1962-4702-889E-7A395BE6BB38}.Release|Any CPU.ActiveCfg = Release|Any CPU
		{0C888B90-1962-4702-889E-7A395BE6BB38}.Release|Any CPU.Build.0 = Release|Any CPU
		{0C888B90-1962-4702-889E-7A395BE6BB38}.Release|x64.ActiveCfg = Release|Any CPU
		{0C888B90-1962-4702-889E-7A395BE6BB38}.Release|x64.Build.0 = Release|Any CPU
		{0C888B90-1962-4702-889E-7A395BE6BB38}.Release|x86.ActiveCfg = Release|Any CPU
		{0C888B90-1962-4702-889E-7A395BE6BB38}.Release|x86.Build.0 = Release|Any CPU
		{EAC76A3D-BE3B-488E-9039-3AF053183496}.Debug|Any CPU.ActiveCfg = Debug|Any CPU
		{EAC76A3D-BE3B-488E-9039-3AF053183496}.Debug|Any CPU.Build.0 = Debug|Any CPU
		{EAC76A3D-BE3B-488E-9039-3AF053183496}.Debug|x64.ActiveCfg = Debug|Any CPU
		{EAC76A3D-BE3B-488E-9039-3AF053183496}.Debug|x64.Build.0 = Debug|Any CPU
		{EAC76A3D-BE3B-488E-9039-3AF053183496}.Debug|x86.ActiveCfg = Debug|Any CPU
		{EAC76A3D-BE3B-488E-9039-3AF053183496}.Debug|x86.Build.0 = Debug|Any CPU
		{EAC76A3D-BE3B-488E-9039-3AF053183496}.Release|Any CPU.ActiveCfg = Release|Any CPU
		{EAC76A3D-BE3B-488E-9039-3AF053183496}.Release|Any CPU.Build.0 = Release|Any CPU
		{EAC76A3D-BE3B-488E-9039-3AF053183496}.Release|x64.ActiveCfg = Release|Any CPU
		{EAC76A3D-BE3B-488E-9039-3AF053183496}.Release|x64.Build.0 = Release|Any CPU
		{EAC76A3D-BE3B-488E-9039-3AF053183496}.Release|x86.ActiveCfg = Release|Any CPU
		{EAC76A3D-BE3B-488E-9039-3AF053183496}.Release|x86.Build.0 = Release|Any CPU
	EndGlobalSection
	GlobalSection(SolutionProperties) = preSolution
		HideSolutionNode = FALSE
	EndGlobalSection
	GlobalSection(NestedProjects) = preSolution
		{181DAFA1-D16A-49F9-A239-7BBC4595BD47} = {827E0CD3-B72D-47B6-A68D-7590B98EB39B}
		{31360544-E76B-460D-AD94-81C45B97C327} = {827E0CD3-B72D-47B6-A68D-7590B98EB39B}
		{92067159-0E62-47E3-B18E-F2385AA2023A} = {827E0CD3-B72D-47B6-A68D-7590B98EB39B}
		{AB389576-CBD3-491D-A244-EC6DC60189C7} = {827E0CD3-B72D-47B6-A68D-7590B98EB39B}
		{C7BC7BC2-4E37-4383-8B48-94696552D3C3} = {827E0CD3-B72D-47B6-A68D-7590B98EB39B}
		{0C888B90-1962-4702-889E-7A395BE6BB38} = {827E0CD3-B72D-47B6-A68D-7590B98EB39B}
		{EAC76A3D-BE3B-488E-9039-3AF053183496} = {827E0CD3-B72D-47B6-A68D-7590B98EB39B}
	EndGlobalSection
EndGlobal
